
Microsoft Visual Studio Solution File, Format Version 12.00
# Visual Studio 15
VisualStudioVersion = 15.0.28307.168
MinimumVisualStudioVersion = 10.0.40219.1
Project("{9A19103F-16F7-4668-BE54-9A1E7A4F7556}") = "AtomicCounter", "AtomicCounter\AtomicCounter.csproj", "{5C960880-7EA8-45D4-AC18-2C294A49856C}"
EndProject
Project("{9A19103F-16F7-4668-BE54-9A1E7A4F7556}") = "AtomicCounter.Test", "AtomicCounterTest\AtomicCounter.Test.csproj", "{08513A66-9A90-4086-BB4E-74973732023C}"
EndProject
Global
	GlobalSection(SolutionConfigurationPlatforms) = preSolution
		Debug|Any CPU = Debug|Any CPU
		Release|Any CPU = Release|Any CPU
	EndGlobalSection
	GlobalSection(ProjectConfigurationPlatforms) = postSolution
		{5C960880-7EA8-45D4-AC18-2C294A49856C}.Debug|Any CPU.ActiveCfg = Debug|Any CPU
		{5C960880-7EA8-45D4-AC18-2C294A49856C}.Debug|Any CPU.Build.0 = Debug|Any CPU
		{5C960880-7EA8-45D4-AC18-2C294A49856C}.Release|Any CPU.ActiveCfg = Release|Any CPU
		{5C960880-7EA8-45D4-AC18-2C294A49856C}.Release|Any CPU.Build.0 = Release|Any CPU
		{08513A66-9A90-4086-BB4E-74973732023C}.Debug|Any CPU.ActiveCfg = Debug|Any CPU
		{08513A66-9A90-4086-BB4E-74973732023C}.Debug|Any CPU.Build.0 = Debug|Any CPU
		{08513A66-9A90-4086-BB4E-74973732023C}.Release|Any CPU.ActiveCfg = Release|Any CPU
		{08513A66-9A90-4086-BB4E-74973732023C}.Release|Any CPU.Build.0 = Release|Any CPU
	EndGlobalSection
	GlobalSection(SolutionProperties) = preSolution
		HideSolutionNode = FALSE
	EndGlobalSection
	GlobalSection(ExtensibilityGlobals) = postSolution
		SolutionGuid = {1D1BB209-87EE-4C86-9FA1-21F1BF42240E}
	EndGlobalSection
EndGlobal
